
Microsoft Visual Studio Solution File, Format Version 12.00
# Visual Studio Version 17
VisualStudioVersion = 17.0.32014.148
MinimumVisualStudioVersion = 10.0.40219.1
Project("{FAE04EC0-301F-11D3-BF4B-00C04F79EFBC}") = "StrategyPatternExample", "StrategyPatternExample\StrategyPatternExample.csproj", "{B4BCBBBE-DAEA-41E9-BCD7-E3AC7639F20C}"
EndProject
Global
	GlobalSection(SolutionConfigurationPlatforms) = preSolution
		Debug|Any CPU = Debug|Any CPU
		Release|Any CPU = Release|Any CPU
	EndGlobalSection
	GlobalSection(ProjectConfigurationPlatforms) = postSolution
		{B4BCBBBE-DAEA-41E9-BCD7-E3AC7639F20C}.Debug|Any CPU.ActiveCfg = Debug|Any CPU
		{B4BCBBBE-DAEA-41E9-BCD7-E3AC7639F20C}.Debug|Any CPU.Build.0 = Debug|Any CPU
		{B4BCBBBE-DAEA-41E9-BCD7-E3AC7639F20C}.Release|Any CPU.ActiveCfg = Release|Any CPU
		{B4BCBBBE-DAEA-41E9-BCD7-E3AC7639F20C}.Release|Any CPU.Build.0 = Release|Any CPU
	EndGlobalSection
	GlobalSection(SolutionProperties) = preSolution
		HideSolutionNode = FALSE
	EndGlobalSection
	GlobalSection(ExtensibilityGlobals) = postSolution
		SolutionGuid = {204EDD29-6BB5-4794-A06D-4F566160E1D2}
	EndGlobalSection
EndGlobal
